
Microsoft Visual Studio Solution File, Format Version 12.00
# Visual Studio Version 16
VisualStudioVersion = 16.0.30011.22
MinimumVisualStudioVersion = 10.0.40219.1
Project("{FAE04EC0-301F-11D3-BF4B-00C04F79EFBC}") = "BSTU.FileCabinet.Domain", "BSTU.FileCabinet.Domain\BSTU.FileCabinet.Domain.csproj", "{01F268CB-CA6F-4ED6-B603-3D5543C22E38}"
EndProject
Project("{FAE04EC0-301F-11D3-BF4B-00C04F79EFBC}") = "BSTU.FileCabinet.DAL", "BSTU.FileCabinet.DAL\BSTU.FileCabinet.DAL.csproj", "{0DA4678F-2370-4B0E-BD8F-EE6D8144854A}"
EndProject
Project("{2150E333-8FDC-42A3-9474-1A3956D46DE8}") = "Tests", "Tests", "{A6632885-FEF8-4533-BB34-EA4E23F331AC}"
EndProject
Project("{FAE04EC0-301F-11D3-BF4B-00C04F79EFBC}") = "BSTU.FileCabinet.TestRepository", "BSTU.FileCabinet.TestRepository\BSTU.FileCabinet.TestRepository.csproj", "{ADFCFB77-492F-414E-B727-5DAF130ECE12}"
EndProject
Project("{FAE04EC0-301F-11D3-BF4B-00C04F79EFBC}") = "BSTU.FileCabinet.WPF", "BSTU.FileCabinet.WPF\BSTU.FileCabinet.WPF.csproj", "{D2D35C48-89D5-4612-B32B-7FC1390D7154}"
EndProject
Global
	GlobalSection(SolutionConfigurationPlatforms) = preSolution
		Debug|Any CPU = Debug|Any CPU
		Release|Any CPU = Release|Any CPU
	EndGlobalSection
	GlobalSection(ProjectConfigurationPlatforms) = postSolution
		{01F268CB-CA6F-4ED6-B603-3D5543C22E38}.Debug|Any CPU.ActiveCfg = Debug|Any CPU
		{01F268CB-CA6F-4ED6-B603-3D5543C22E38}.Debug|Any CPU.Build.0 = Debug|Any CPU
		{01F268CB-CA6F-4ED6-B603-3D5543C22E38}.Release|Any CPU.ActiveCfg = Release|Any CPU
		{01F268CB-CA6F-4ED6-B603-3D5543C22E38}.Release|Any CPU.Build.0 = Release|Any CPU
		{0DA4678F-2370-4B0E-BD8F-EE6D8144854A}.Debug|Any CPU.ActiveCfg = Debug|Any CPU
		{0DA4678F-2370-4B0E-BD8F-EE6D8144854A}.Debug|Any CPU.Build.0 = Debug|Any CPU
		{0DA4678F-2370-4B0E-BD8F-EE6D8144854A}.Release|Any CPU.ActiveCfg = Release|Any CPU
		{0DA4678F-2370-4B0E-BD8F-EE6D8144854A}.Release|Any CPU.Build.0 = Release|Any CPU
		{ADFCFB77-492F-414E-B727-5DAF130ECE12}.Debug|Any CPU.ActiveCfg = Debug|Any CPU
		{ADFCFB77-492F-414E-B727-5DAF130ECE12}.Debug|Any CPU.Build.0 = Debug|Any CPU
		{ADFCFB77-492F-414E-B727-5DAF130ECE12}.Release|Any CPU.ActiveCfg = Release|Any CPU
		{ADFCFB77-492F-414E-B727-5DAF130ECE12}.Release|Any CPU.Build.0 = Release|Any CPU
		{D2D35C48-89D5-4612-B32B-7FC1390D7154}.Debug|Any CPU.ActiveCfg = Debug|Any CPU
		{D2D35C48-89D5-4612-B32B-7FC1390D7154}.Debug|Any CPU.Build.0 = Debug|Any CPU
		{D2D35C48-89D5-4612-B32B-7FC1390D7154}.Release|Any CPU.ActiveCfg = Release|Any CPU
		{D2D35C48-89D5-4612-B32B-7FC1390D7154}.Release|Any CPU.Build.0 = Release|Any CPU
	EndGlobalSection
	GlobalSection(SolutionProperties) = preSolution
		HideSolutionNode = FALSE
	EndGlobalSection
	GlobalSection(NestedProjects) = preSolution
		{ADFCFB77-492F-414E-B727-5DAF130ECE12} = {A6632885-FEF8-4533-BB34-EA4E23F331AC}
	EndGlobalSection
	GlobalSection(ExtensibilityGlobals) = postSolution
		SolutionGuid = {A565F2FB-11B5-460F-9CB5-C795C0C6E355}
	EndGlobalSection
EndGlobal
